
Microsoft Visual Studio Solution File, Format Version 12.00
# Visual Studio 15
VisualStudioVersion = 15.0.27004.2005
MinimumVisualStudioVersion = 10.0.40219.1
Project("{FAE04EC0-301F-11D3-BF4B-00C04F79EFBC}") = "AgroWebPro.Web", "AgroWebPro.Web\AgroWebPro.Web.csproj", "{445FD22B-B94C-4A48-81C6-D09CCE778875}"
EndProject
Project("{FAE04EC0-301F-11D3-BF4B-00C04F79EFBC}") = "AgroWebPro.AccesoDatos", "AgroWebPro.AccesoDatos\AgroWebPro.AccesoDatos.csproj", "{246C9950-96CD-4C8B-BEFE-91499ED7ED49}"
EndProject
Project("{FAE04EC0-301F-11D3-BF4B-00C04F79EFBC}") = "AgroWebPro.LogicaNegocios", "AgroWebPro.LogicaNegocios\AgroWebPro.LogicaNegocios.csproj", "{CFB94441-6E48-4982-A50D-5C0D9237C1EE}"
EndProject
Project("{FAE04EC0-301F-11D3-BF4B-00C04F79EFBC}") = "AgroWebPro.Utilitarios", "AgroWebPro.Utilitarios\AgroWebPro.Utilitarios.csproj", "{56381A85-7156-4632-94A6-6CD1DCAFE897}"
EndProject
Project("{FAE04EC0-301F-11D3-BF4B-00C04F79EFBC}") = "AgroWebPro.Entidades", "AgroWebPro.Entidades\AgroWebPro.Entidades.csproj", "{BDCF2D62-184B-4069-A44E-1AEC15EE22CD}"
EndProject
Global
	GlobalSection(SolutionConfigurationPlatforms) = preSolution
		Debug|Any CPU = Debug|Any CPU
		Release|Any CPU = Release|Any CPU
	EndGlobalSection
	GlobalSection(ProjectConfigurationPlatforms) = postSolution
		{445FD22B-B94C-4A48-81C6-D09CCE778875}.Debug|Any CPU.ActiveCfg = Debug|Any CPU
		{445FD22B-B94C-4A48-81C6-D09CCE778875}.Debug|Any CPU.Build.0 = Debug|Any CPU
		{445FD22B-B94C-4A48-81C6-D09CCE778875}.Release|Any CPU.ActiveCfg = Release|Any CPU
		{445FD22B-B94C-4A48-81C6-D09CCE778875}.Release|Any CPU.Build.0 = Release|Any CPU
		{246C9950-96CD-4C8B-BEFE-91499ED7ED49}.Debug|Any CPU.ActiveCfg = Debug|Any CPU
		{246C9950-96CD-4C8B-BEFE-91499ED7ED49}.Debug|Any CPU.Build.0 = Debug|Any CPU
		{246C9950-96CD-4C8B-BEFE-91499ED7ED49}.Release|Any CPU.ActiveCfg = Release|Any CPU
		{246C9950-96CD-4C8B-BEFE-91499ED7ED49}.Release|Any CPU.Build.0 = Release|Any CPU
		{CFB94441-6E48-4982-A50D-5C0D9237C1EE}.Debug|Any CPU.ActiveCfg = Debug|Any CPU
		{CFB94441-6E48-4982-A50D-5C0D9237C1EE}.Debug|Any CPU.Build.0 = Debug|Any CPU
		{CFB94441-6E48-4982-A50D-5C0D9237C1EE}.Release|Any CPU.ActiveCfg = Release|Any CPU
		{CFB94441-6E48-4982-A50D-5C0D9237C1EE}.Release|Any CPU.Build.0 = Release|Any CPU
		{56381A85-7156-4632-94A6-6CD1DCAFE897}.Debug|Any CPU.ActiveCfg = Debug|Any CPU
		{56381A85-7156-4632-94A6-6CD1DCAFE897}.Debug|Any CPU.Build.0 = Debug|Any CPU
		{56381A85-7156-4632-94A6-6CD1DCAFE897}.Release|Any CPU.ActiveCfg = Release|Any CPU
		{56381A85-7156-4632-94A6-6CD1DCAFE897}.Release|Any CPU.Build.0 = Release|Any CPU
		{BDCF2D62-184B-4069-A44E-1AEC15EE22CD}.Debug|Any CPU.ActiveCfg = Debug|Any CPU
		{BDCF2D62-184B-4069-A44E-1AEC15EE22CD}.Debug|Any CPU.Build.0 = Debug|Any CPU
		{BDCF2D62-184B-4069-A44E-1AEC15EE22CD}.Release|Any CPU.ActiveCfg = Release|Any CPU
		{BDCF2D62-184B-4069-A44E-1AEC15EE22CD}.Release|Any CPU.Build.0 = Release|Any CPU
	EndGlobalSection
	GlobalSection(SolutionProperties) = preSolution
		HideSolutionNode = FALSE
	EndGlobalSection
	GlobalSection(ExtensibilityGlobals) = postSolution
		SolutionGuid = {1F7D53FD-EB2E-4092-A829-89F7A3B61E3E}
	EndGlobalSection
EndGlobal
